
Microsoft Visual Studio Solution File, Format Version 12.00
# Visual Studio Version 16
VisualStudioVersion = 16.0.31321.278
MinimumVisualStudioVersion = 10.0.40219.1
Project("{9A19103F-16F7-4668-BE54-9A1E7A4F7556}") = "Bifrost Website", "Bifrost Website\Bifrost Website.csproj", "{62DD6310-391D-462C-BB9B-618A635595ED}"
EndProject
Global
	GlobalSection(SolutionConfigurationPlatforms) = preSolution
		Debug|Any CPU = Debug|Any CPU
		Release|Any CPU = Release|Any CPU
	EndGlobalSection
	GlobalSection(ProjectConfigurationPlatforms) = postSolution
		{62DD6310-391D-462C-BB9B-618A635595ED}.Debug|Any CPU.ActiveCfg = Debug|Any CPU
		{62DD6310-391D-462C-BB9B-618A635595ED}.Debug|Any CPU.Build.0 = Debug|Any CPU
		{62DD6310-391D-462C-BB9B-618A635595ED}.Release|Any CPU.ActiveCfg = Release|Any CPU
		{62DD6310-391D-462C-BB9B-618A635595ED}.Release|Any CPU.Build.0 = Release|Any CPU
	EndGlobalSection
	GlobalSection(SolutionProperties) = preSolution
		HideSolutionNode = FALSE
	EndGlobalSection
	GlobalSection(ExtensibilityGlobals) = postSolution
		SolutionGuid = {0E1BE824-1E73-403E-89F0-E496292E1095}
	EndGlobalSection
EndGlobal
